
Microsoft Visual Studio Solution File, Format Version 12.00
# Visual Studio Version 17
VisualStudioVersion = 17.6.33829.357
MinimumVisualStudioVersion = 10.0.40219.1
Project("{FAE04EC0-301F-11D3-BF4B-00C04F79EFBC}") = "Currency Converter.UWP", "Currency Converter\Currency Converter.UWP\Currency Converter.UWP.csproj", "{2515F7ED-00C2-4BC7-ACC0-A32C20A55734}"
EndProject
Project("{FAE04EC0-301F-11D3-BF4B-00C04F79EFBC}") = "Currency Converter.Android", "Currency Converter\Currency Converter.Android\Currency Converter.Android.csproj", "{CD105835-993C-4858-9CB1-09D7AD4E56B9}"
EndProject
Project("{FAE04EC0-301F-11D3-BF4B-00C04F79EFBC}") = "Currency Converter.iOS", "Currency Converter\Currency Converter.iOS\Currency Converter.iOS.csproj", "{244917E8-382A-46F7-A6E7-FDFCAB5BC021}"
EndProject
Project("{9A19103F-16F7-4668-BE54-9A1E7A4F7556}") = "Currency Converter", "Currency Converter\Currency Converter\Currency Converter.csproj", "{6CFCCA20-2FBE-4EA9-AFAE-012DFADFADFF}"
EndProject
Project("{2150E333-8FDC-42A3-9474-1A3956D46DE8}") = "Data", "Data", "{A54DD406-18BD-42FE-B4AD-7044FA7FDE71}"
EndProject
Global
	GlobalSection(SolutionConfigurationPlatforms) = preSolution
		Debug|Any CPU = Debug|Any CPU
		Debug|ARM = Debug|ARM
		Debug|iPhone = Debug|iPhone
		Debug|iPhoneSimulator = Debug|iPhoneSimulator
		Debug|x64 = Debug|x64
		Debug|x86 = Debug|x86
		Release|Any CPU = Release|Any CPU
		Release|ARM = Release|ARM
		Release|iPhone = Release|iPhone
		Release|iPhoneSimulator = Release|iPhoneSimulator
		Release|x64 = Release|x64
		Release|x86 = Release|x86
	EndGlobalSection
	GlobalSection(ProjectConfigurationPlatforms) = postSolution
		{2515F7ED-00C2-4BC7-ACC0-A32C20A55734}.Debug|Any CPU.ActiveCfg = Debug|x64
		{2515F7ED-00C2-4BC7-ACC0-A32C20A55734}.Debug|Any CPU.Build.0 = Debug|x64
		{2515F7ED-00C2-4BC7-ACC0-A32C20A55734}.Debug|Any CPU.Deploy.0 = Debug|x64
		{2515F7ED-00C2-4BC7-ACC0-A32C20A55734}.Debug|ARM.ActiveCfg = Debug|ARM
		{2515F7ED-00C2-4BC7-ACC0-A32C20A55734}.Debug|ARM.Build.0 = Debug|ARM
		{2515F7ED-00C2-4BC7-ACC0-A32C20A55734}.Debug|ARM.Deploy.0 = Debug|ARM
		{2515F7ED-00C2-4BC7-ACC0-A32C20A55734}.Debug|iPhone.ActiveCfg = Debug|x64
		{2515F7ED-00C2-4BC7-ACC0-A32C20A55734}.Debug|iPhone.Build.0 = Debug|x64
		{2515F7ED-00C2-4BC7-ACC0-A32C20A55734}.Debug|iPhone.Deploy.0 = Debug|x64
		{2515F7ED-00C2-4BC7-ACC0-A32C20A55734}.Debug|iPhoneSimulator.ActiveCfg = Debug|x64
		{2515F7ED-00C2-4BC7-ACC0-A32C20A55734}.Debug|iPhoneSimulator.Build.0 = Debug|x64
		{2515F7ED-00C2-4BC7-ACC0-A32C20A55734}.Debug|iPhoneSimulator.Deploy.0 = Debug|x64
		{2515F7ED-00C2-4BC7-ACC0-A32C20A55734}.Debug|x64.ActiveCfg = Debug|x64
		{2515F7ED-00C2-4BC7-ACC0-A32C20A55734}.Debug|x64.Build.0 = Debug|x64
		{2515F7ED-00C2-4BC7-ACC0-A32C20A55734}.Debug|x64.Deploy.0 = Debug|x64
		{2515F7ED-00C2-4BC7-ACC0-A32C20A55734}.Debug|x86.ActiveCfg = Debug|x86
		{2515F7ED-00C2-4BC7-ACC0-A32C20A55734}.Debug|x86.Build.0 = Debug|x86
		{2515F7ED-00C2-4BC7-ACC0-A32C20A55734}.Debug|x86.Deploy.0 = Debug|x86
		{2515F7ED-00C2-4BC7-ACC0-A32C20A55734}.Release|Any CPU.ActiveCfg = Release|x64
		{2515F7ED-00C2-4BC7-ACC0-A32C20A55734}.Release|Any CPU.Build.0 = Release|x64
		{2515F7ED-00C2-4BC7-ACC0-A32C20A55734}.Release|Any CPU.Deploy.0 = Release|x64
		{2515F7ED-00C2-4BC7-ACC0-A32C20A55734}.Release|ARM.ActiveCfg = Release|ARM
		{2515F7ED-00C2-4BC7-ACC0-A32C20A55734}.Release|ARM.Build.0 = Release|ARM
		{2515F7ED-00C2-4BC7-ACC0-A32C20A55734}.Release|ARM.Deploy.0 = Release|ARM
		{2515F7ED-00C2-4BC7-ACC0-A32C20A55734}.Release|iPhone.ActiveCfg = Release|x64
		{2515F7ED-00C2-4BC7-ACC0-A32C20A55734}.Release|iPhone.Build.0 = Release|x64
		{2515F7ED-00C2-4BC7-ACC0-A32C20A55734}.Release|iPhone.Deploy.0 = Release|x64
		{2515F7ED-00C2-4BC7-ACC0-A32C20A55734}.Release|iPhoneSimulator.ActiveCfg = Release|x64
		{2515F7ED-00C2-4BC7-ACC0-A32C20A55734}.Release|iPhoneSimulator.Build.0 = Release|x64
		{2515F7ED-00C2-4BC7-ACC0-A32C20A55734}.Release|iPhoneSimulator.Deploy.0 = Release|x64
		{2515F7ED-00C2-4BC7-ACC0-A32C20A55734}.Release|x64.ActiveCfg = Release|x64
		{2515F7ED-00C2-4BC7-ACC0-A32C20A55734}.Release|x64.Build.0 = Release|x64
		{2515F7ED-00C2-4BC7-ACC0-A32C20A55734}.Release|x64.Deploy.0 = Release|x64
		{2515F7ED-00C2-4BC7-ACC0-A32C20A55734}.Release|x86.ActiveCfg = Release|x86
		{2515F7ED-00C2-4BC7-ACC0-A32C20A55734}.Release|x86.Build.0 = Release|x86
		{2515F7ED-00C2-4BC7-ACC0-A32C20A55734}.Release|x86.Deploy.0 = Release|x86
		{CD105835-993C-4858-9CB1-09D7AD4E56B9}.Debug|Any CPU.ActiveCfg = Debug|Any CPU
		{CD105835-993C-4858-9CB1-09D7AD4E56B9}.Debug|Any CPU.Build.0 = Debug|Any CPU
		{CD105835-993C-4858-9CB1-09D7AD4E56B9}.Debug|Any CPU.Deploy.0 = Debug|Any CPU
		{CD105835-993C-4858-9CB1-09D7AD4E56B9}.Debug|ARM.ActiveCfg = Debug|Any CPU
		{CD105835-993C-4858-9CB1-09D7AD4E56B9}.Debug|ARM.Build.0 = Debug|Any CPU
		{CD105835-993C-4858-9CB1-09D7AD4E56B9}.Debug|ARM.Deploy.0 = Debug|Any CPU
		{CD105835-993C-4858-9CB1-09D7AD4E56B9}.Debug|iPhone.ActiveCfg = Debug|Any CPU
		{CD105835-993C-4858-9CB1-09D7AD4E56B9}.Debug|iPhone.Build.0 = Debug|Any CPU
		{CD105835-993C-4858-9CB1-09D7AD4E56B9}.Debug|iPhone.Deploy.0 = Debug|Any CPU
		{CD105835-993C-4858-9CB1-09D7AD4E56B9}.Debug|iPhoneSimulator.ActiveCfg = Debug|Any CPU
		{CD105835-993C-4858-9CB1-09D7AD4E56B9}.Debug|iPhoneSimulator.Build.0 = Debug|Any CPU
		{CD105835-993C-4858-9CB1-09D7AD4E56B9}.Debug|iPhoneSimulator.Deploy.0 = Debug|Any CPU
		{CD105835-993C-4858-9CB1-09D7AD4E56B9}.Debug|x64.ActiveCfg = Debug|Any CPU
		{CD105835-993C-4858-9CB1-09D7AD4E56B9}.Debug|x64.Build.0 = Debug|Any CPU
		{CD105835-993C-4858-9CB1-09D7AD4E56B9}.Debug|x64.Deploy.0 = Debug|Any CPU
		{CD105835-993C-4858-9CB1-09D7AD4E56B9}.Debug|x86.ActiveCfg = Debug|Any CPU
		{CD105835-993C-4858-9CB1-09D7AD4E56B9}.Debug|x86.Build.0 = Debug|Any CPU
		{CD105835-993C-4858-9CB1-09D7AD4E56B9}.Debug|x86.Deploy.0 = Debug|Any CPU
		{CD105835-993C-4858-9CB1-09D7AD4E56B9}.Release|Any CPU.ActiveCfg = Release|Any CPU
		{CD105835-993C-4858-9CB1-09D7AD4E56B9}.Release|Any CPU.Build.0 = Release|Any CPU
		{CD105835-993C-4858-9CB1-09D7AD4E56B9}.Release|Any CPU.Deploy.0 = Release|Any CPU
		{CD105835-993C-4858-9CB1-09D7AD4E56B9}.Release|ARM.ActiveCfg = Release|Any CPU
		{CD105835-993C-4858-9CB1-09D7AD4E56B9}.Release|ARM.Build.0 = Release|Any CPU
		{CD105835-993C-4858-9CB1-09D7AD4E56B9}.Release|ARM.Deploy.0 = Release|Any CPU
		{CD105835-993C-4858-9CB1-09D7AD4E56B9}.Release|iPhone.ActiveCfg = Release|Any CPU
		{CD105835-993C-4858-9CB1-09D7AD4E56B9}.Release|iPhone.Build.0 = Release|Any CPU
		{CD105835-993C-4858-9CB1-09D7AD4E56B9}.Release|iPhone.Deploy.0 = Release|Any CPU
		{CD105835-993C-4858-9CB1-09D7AD4E56B9}.Release|iPhoneSimulator.ActiveCfg = Release|Any CPU
		{CD105835-993C-4858-9CB1-09D7AD4E56B9}.Release|iPhoneSimulator.Build.0 = Release|Any CPU
		{CD105835-993C-4858-9CB1-09D7AD4E56B9}.Release|iPhoneSimulator.Deploy.0 = Release|Any CPU
		{CD105835-993C-4858-9CB1-09D7AD4E56B9}.Release|x64.ActiveCfg = Release|Any CPU
		{CD105835-993C-4858-9CB1-09D7AD4E56B9}.Release|x64.Build.0 = Release|Any CPU
		{CD105835-993C-4858-9CB1-09D7AD4E56B9}.Release|x64.Deploy.0 = Release|Any CPU
		{CD105835-993C-4858-9CB1-09D7AD4E56B9}.Release|x86.ActiveCfg = Release|Any CPU
		{CD105835-993C-4858-9CB1-09D7AD4E56B9}.Release|x86.Build.0 = Release|Any CPU
		{CD105835-993C-4858-9CB1-09D7AD4E56B9}.Release|x86.Deploy.0 = Release|Any CPU
		{244917E8-382A-46F7-A6E7-FDFCAB5BC021}.Debug|Any CPU.ActiveCfg = Debug|iPhoneSimulator
		{244917E8-382A-46F7-A6E7-FDFCAB5BC021}.Debug|Any CPU.Build.0 = Debug|iPhoneSimulator
		{244917E8-382A-46F7-A6E7-FDFCAB5BC021}.Debug|Any CPU.Deploy.0 = Debug|iPhoneSimulator
		{244917E8-382A-46F7-A6E7-FDFCAB5BC021}.Debug|ARM.ActiveCfg = Debug|iPhoneSimulator
		{244917E8-382A-46F7-A6E7-FDFCAB5BC021}.Debug|ARM.Build.0 = Debug|iPhoneSimulator
		{244917E8-382A-46F7-A6E7-FDFCAB5BC021}.Debug|ARM.Deploy.0 = Debug|iPhoneSimulator
		{244917E8-382A-46F7-A6E7-FDFCAB5BC021}.Debug|iPhone.ActiveCfg = Debug|iPhone
		{244917E8-382A-46F7-A6E7-FDFCAB5BC021}.Debug|iPhone.Build.0 = Debug|iPhone
		{244917E8-382A-46F7-A6E7-FDFCAB5BC021}.Debug|iPhone.Deploy.0 = Debug|iPhone
		{244917E8-382A-46F7-A6E7-FDFCAB5BC021}.Debug|iPhoneSimulator.ActiveCfg = Debug|iPhoneSimulator
		{244917E8-382A-46F7-A6E7-FDFCAB5BC021}.Debug|iPhoneSimulator.Build.0 = Debug|iPhoneSimulator
		{244917E8-382A-46F7-A6E7-FDFCAB5BC021}.Debug|iPhoneSimulator.Deploy.0 = Debug|iPhoneSimulator
		{244917E8-382A-46F7-A6E7-FDFCAB5BC021}.Debug|x64.ActiveCfg = Debug|iPhone
		{244917E8-382A-46F7-A6E7-FDFCAB5BC021}.Debug|x64.Build.0 = Debug|iPhone
		{244917E8-382A-46F7-A6E7-FDFCAB5BC021}.Debug|x64.Deploy.0 = Debug|iPhone
		{244917E8-382A-46F7-A6E7-FDFCAB5BC021}.Debug|x86.ActiveCfg = Debug|iPhoneSimulator
		{244917E8-382A-46F7-A6E7-FDFCAB5BC021}.Debug|x86.Build.0 = Debug|iPhoneSimulator
		{244917E8-382A-46F7-A6E7-FDFCAB5BC021}.Debug|x86.Deploy.0 = Debug|iPhoneSimulator
		{244917E8-382A-46F7-A6E7-FDFCAB5BC021}.Release|Any CPU.ActiveCfg = Release|iPhoneSimulator
		{244917E8-382A-46F7-A6E7-FDFCAB5BC021}.Release|Any CPU.Build.0 = Release|iPhoneSimulator
		{244917E8-382A-46F7-A6E7-FDFCAB5BC021}.Release|Any CPU.Deploy.0 = Release|iPhoneSimulator
		{244917E8-382A-46F7-A6E7-FDFCAB5BC021}.Release|ARM.ActiveCfg = Release|iPhoneSimulator
		{244917E8-382A-46F7-A6E7-FDFCAB5BC021}.Release|ARM.Build.0 = Release|iPhoneSimulator
		{244917E8-382A-46F7-A6E7-FDFCAB5BC021}.Release|ARM.Deploy.0 = Release|iPhoneSimulator
		{244917E8-382A-46F7-A6E7-FDFCAB5BC021}.Release|iPhone.ActiveCfg = Release|iPhone
		{244917E8-382A-46F7-A6E7-FDFCAB5BC021}.Release|iPhone.Build.0 = Release|iPhone
		{244917E8-382A-46F7-A6E7-FDFCAB5BC021}.Release|iPhone.Deploy.0 = Release|iPhone
		{244917E8-382A-46F7-A6E7-FDFCAB5BC021}.Release|iPhoneSimulator.ActiveCfg = Release|iPhoneSimulator
		{244917E8-382A-46F7-A6E7-FDFCAB5BC021}.Release|iPhoneSimulator.Build.0 = Release|iPhoneSimulator
		{244917E8-382A-46F7-A6E7-FDFCAB5BC021}.Release|iPhoneSimulator.Deploy.0 = Release|iPhoneSimulator
		{244917E8-382A-46F7-A6E7-FDFCAB5BC021}.Release|x64.ActiveCfg = Release|iPhoneSimulator
		{244917E8-382A-46F7-A6E7-FDFCAB5BC021}.Release|x64.Build.0 = Release|iPhoneSimulator
		{244917E8-382A-46F7-A6E7-FDFCAB5BC021}.Release|x64.Deploy.0 = Release|iPhoneSimulator
		{244917E8-382A-46F7-A6E7-FDFCAB5BC021}.Release|x86.ActiveCfg = Release|iPhoneSimulator
		{244917E8-382A-46F7-A6E7-FDFCAB5BC021}.Release|x86.Build.0 = Release|iPhoneSimulator
		{244917E8-382A-46F7-A6E7-FDFCAB5BC021}.Release|x86.Deploy.0 = Release|iPhoneSimulator
		{6CFCCA20-2FBE-4EA9-AFAE-012DFADFADFF}.Debug|Any CPU.ActiveCfg = Debug|Any CPU
		{6CFCCA20-2FBE-4EA9-AFAE-012DFADFADFF}.Debug|Any CPU.Build.0 = Debug|Any CPU
		{6CFCCA20-2FBE-4EA9-AFAE-012DFADFADFF}.Debug|Any CPU.Deploy.0 = Debug|Any CPU
		{6CFCCA20-2FBE-4EA9-AFAE-012DFADFADFF}.Debug|ARM.ActiveCfg = Debug|Any CPU
		{6CFCCA20-2FBE-4EA9-AFAE-012DFADFADFF}.Debug|ARM.Build.0 = Debug|Any CPU
		{6CFCCA20-2FBE-4EA9-AFAE-012DFADFADFF}.Debug|ARM.Deploy.0 = Debug|Any CPU
		{6CFCCA20-2FBE-4EA9-AFAE-012DFADFADFF}.Debug|iPhone.ActiveCfg = Debug|Any CPU
		{6CFCCA20-2FBE-4EA9-AFAE-012DFADFADFF}.Debug|iPhone.Build.0 = Debug|Any CPU
		{6CFCCA20-2FBE-4EA9-AFAE-012DFADFADFF}.Debug|iPhone.Deploy.0 = Debug|Any CPU
		{6CFCCA20-2FBE-4EA9-AFAE-012DFADFADFF}.Debug|iPhoneSimulator.ActiveCfg = Debug|Any CPU
		{6CFCCA20-2FBE-4EA9-AFAE-012DFADFADFF}.Debug|iPhoneSimulator.Build.0 = Debug|Any CPU
		{6CFCCA20-2FBE-4EA9-AFAE-012DFADFADFF}.Debug|iPhoneSimulator.Deploy.0 = Debug|Any CPU
		{6CFCCA20-2FBE-4EA9-AFAE-012DFADFADFF}.Debug|x64.ActiveCfg = Debug|Any CPU
		{6CFCCA20-2FBE-4EA9-AFAE-012DFADFADFF}.Debug|x64.Build.0 = Debug|Any CPU
		{6CFCCA20-2FBE-4EA9-AFAE-012DFADFADFF}.Debug|x64.Deploy.0 = Debug|Any CPU
		{6CFCCA20-2FBE-4EA9-AFAE-012DFADFADFF}.Debug|x86.ActiveCfg = Debug|Any CPU
		{6CFCCA20-2FBE-4EA9-AFAE-012DFADFADFF}.Debug|x86.Build.0 = Debug|Any CPU
		{6CFCCA20-2FBE-4EA9-AFAE-012DFADFADFF}.Debug|x86.Deploy.0 = Debug|Any CPU
		{6CFCCA20-2FBE-4EA9-AFAE-012DFADFADFF}.Release|Any CPU.ActiveCfg = Release|Any CPU
		{6CFCCA20-2FBE-4EA9-AFAE-012DFADFADFF}.Release|Any CPU.Build.0 = Release|Any CPU
		{6CFCCA20-2FBE-4EA9-AFAE-012DFADFADFF}.Release|Any CPU.Deploy.0 = Release|Any CPU
		{6CFCCA20-2FBE-4EA9-AFAE-012DFADFADFF}.Release|ARM.ActiveCfg = Release|Any CPU
		{6CFCCA20-2FBE-4EA9-AFAE-012DFADFADFF}.Release|ARM.Build.0 = Release|Any CPU
		{6CFCCA20-2FBE-4EA9-AFAE-012DFADFADFF}.Release|ARM.Deploy.0 = Release|Any CPU
		{6CFCCA20-2FBE-4EA9-AFAE-012DFADFADFF}.Release|iPhone.ActiveCfg = Release|Any CPU
		{6CFCCA20-2FBE-4EA9-AFAE-012DFADFADFF}.Release|iPhone.Build.0 = Release|Any CPU
		{6CFCCA20-2FBE-4EA9-AFAE-012DFADFADFF}.Release|iPhone.Deploy.0 = Release|Any CPU
		{6CFCCA20-2FBE-4EA9-AFAE-012DFADFADFF}.Release|iPhoneSimulator.ActiveCfg = Release|Any CPU
		{6CFCCA20-2FBE-4EA9-AFAE-012DFADFADFF}.Release|iPhoneSimulator.Build.0 = Release|Any CPU
		{6CFCCA20-2FBE-4EA9-AFAE-012DFADFADFF}.Release|iPhoneSimulator.Deploy.0 = Release|Any CPU
		{6CFCCA20-2FBE-4EA9-AFAE-012DFADFADFF}.Release|x64.ActiveCfg = Release|Any CPU
		{6CFCCA20-2FBE-4EA9-AFAE-012DFADFADFF}.Release|x64.Build.0 = Release|Any CPU
		{6CFCCA20-2FBE-4EA9-AFAE-012DFADFADFF}.Release|x64.Deploy.0 = Release|Any CPU
		{6CFCCA20-2FBE-4EA9-AFAE-012DFADFADFF}.Release|x86.ActiveCfg = Release|Any CPU
		{6CFCCA20-2FBE-4EA9-AFAE-012DFADFADFF}.Release|x86.Build.0 = Release|Any CPU
		{6CFCCA20-2FBE-4EA9-AFAE-012DFADFADFF}.Release|x86.Deploy.0 = Release|Any CPU
	EndGlobalSection
	GlobalSection(SolutionProperties) = preSolution
		HideSolutionNode = FALSE
	EndGlobalSection
	GlobalSection(ExtensibilityGlobals) = postSolution
		SolutionGuid = {ED64E3E8-0B81-462D-99FB-2477E02152B8}
	EndGlobalSection
EndGlobal
